// !$*UTF8*$!
{
	archiveVersion = 1;
	classes = {
	};
	objectVersion = 46;
	objects = {

/* Begin PBXBuildFile section */
		AC24E7F11A96941300002250 /* main.swift in Sources */ = {isa = PBXBuildFile; fileRef = AC24E7F01A96941300002250 /* main.swift */; };
		AC24E7F81A9731EE00002250 /* Tokenizer.swift in Sources */ = {isa = PBXBuildFile; fileRef = AC24E7F71A9731EE00002250 /* Tokenizer.swift */; };
		AC24E7FA1A97323200002250 /* Token.swift in Sources */ = {isa = PBXBuildFile; fileRef = AC24E7F91A97323200002250 /* Token.swift */; };
		AC74A8101A9A1DD0003CC5F1 /* ExpressionNodeVisitor.swift in Sources */ = {isa = PBXBuildFile; fileRef = AC74A80F1A9A1DD0003CC5F1 /* ExpressionNodeVisitor.swift */; };
		AC74A8121A9A78FE003CC5F1 /* SetVariable.swift in Sources */ = {isa = PBXBuildFile; fileRef = AC74A8111A9A78FE003CC5F1 /* SetVariable.swift */; };
		AC9106B41A9764D1001C6B32 /* Parser.swift in Sources */ = {isa = PBXBuildFile; fileRef = AC9106B31A9764D1001C6B32 /* Parser.swift */; };
		AC9106B61A977530001C6B32 /* ExpressionNode.swift in Sources */ = {isa = PBXBuildFile; fileRef = AC9106B51A977530001C6B32 /* ExpressionNode.swift */; };
		AC9106B81A978839001C6B32 /* ExpressionNodeProtocol.swift in Sources */ = {isa = PBXBuildFile; fileRef = AC9106B71A978839001C6B32 /* ExpressionNodeProtocol.swift */; };
		AC9106BA1A9788C7001C6B32 /* ConstantExpressionNode.swift in Sources */ = {isa = PBXBuildFile; fileRef = AC9106B91A9788C7001C6B32 /* ConstantExpressionNode.swift */; };
		AC9106BC1A978E85001C6B32 /* VariableExpressionNode.swift in Sources */ = {isa = PBXBuildFile; fileRef = AC9106BB1A978E85001C6B32 /* VariableExpressionNode.swift */; };
		AC9106C01A9796EF001C6B32 /* SequenceExpressionNode.swift in Sources */ = {isa = PBXBuildFile; fileRef = AC9106BF1A9796EF001C6B32 /* SequenceExpressionNode.swift */; };
		AC9106C21A97C11F001C6B32 /* AdditionExpressionNode.swift in Sources */ = {isa = PBXBuildFile; fileRef = AC9106C11A97C11F001C6B32 /* AdditionExpressionNode.swift */; };
		AC9106C41A97C2E5001C6B32 /* MultiplicationExpressionNode.swift in Sources */ = {isa = PBXBuildFile; fileRef = AC9106C31A97C2E5001C6B32 /* MultiplicationExpressionNode.swift */; };
		AC9106C61A97C39D001C6B32 /* ExponentiationExpressionNode.swift in Sources */ = {isa = PBXBuildFile; fileRef = AC9106C51A97C39D001C6B32 /* ExponentiationExpressionNode.swift */; };
		AC9106C81A97D144001C6B32 /* FunctionNode.swift in Sources */ = {isa = PBXBuildFile; fileRef = AC9106C71A97D144001C6B32 /* FunctionNode.swift */; };
		AC9106CA1A97D240001C6B32 /* FunctionExpressionNode.swift in Sources */ = {isa = PBXBuildFile; fileRef = AC9106C91A97D240001C6B32 /* FunctionExpressionNode.swift */; };
		ACBB62C31A9BBF05008B9655 /* ErrorExpressionNode.swift in Sources */ = {isa = PBXBuildFile; fileRef = ACBB62C21A9BBF05008B9655 /* ErrorExpressionNode.swift */; };
/* End PBXBuildFile section */

/* Begin PBXCopyFilesBuildPhase section */
		AC24E7EB1A96941300002250 /* CopyFiles */ = {
			isa = PBXCopyFilesBuildPhase;
			buildActionMask = 2147483647;
			dstPath = /usr/share/man/man1/;
			dstSubfolderSpec = 0;
			files = (
			);
			runOnlyForDeploymentPostprocessing = 1;
		};
/* End PBXCopyFilesBuildPhase section */

/* Begin PBXFileReference section */
		AC24E7ED1A96941300002250 /* ParserLL1 */ = {isa = PBXFileReference; explicitFileType = "compiled.mach-o.executable"; includeInIndex = 0; path = ParserLL1; sourceTree = BUILT_PRODUCTS_DIR; };
		AC24E7F01A96941300002250 /* main.swift */ = {isa = PBXFileReference; lastKnownFileType = sourcecode.swift; path = main.swift; sourceTree = "<group>"; };
		AC24E7F71A9731EE00002250 /* Tokenizer.swift */ = {isa = PBXFileReference; fileEncoding = 4; lastKnownFileType = sourcecode.swift; path = Tokenizer.swift; sourceTree = "<group>"; };
		AC24E7F91A97323200002250 /* Token.swift */ = {isa = PBXFileReference; fileEncoding = 4; lastKnownFileType = sourcecode.swift; path = Token.swift; sourceTree = "<group>"; };
		AC74A80F1A9A1DD0003CC5F1 /* ExpressionNodeVisitor.swift */ = {isa = PBXFileReference; fileEncoding = 4; lastKnownFileType = sourcecode.swift; path = ExpressionNodeVisitor.swift; sourceTree = "<group>"; };
		AC74A8111A9A78FE003CC5F1 /* SetVariable.swift */ = {isa = PBXFileReference; fileEncoding = 4; lastKnownFileType = sourcecode.swift; path = SetVariable.swift; sourceTree = "<group>"; };
		AC9106B31A9764D1001C6B32 /* Parser.swift */ = {isa = PBXFileReference; fileEncoding = 4; lastKnownFileType = sourcecode.swift; path = Parser.swift; sourceTree = "<group>"; };
		AC9106B51A977530001C6B32 /* ExpressionNode.swift */ = {isa = PBXFileReference; fileEncoding = 4; lastKnownFileType = sourcecode.swift; path = ExpressionNode.swift; sourceTree = "<group>"; };
		AC9106B71A978839001C6B32 /* ExpressionNodeProtocol.swift */ = {isa = PBXFileReference; fileEncoding = 4; lastKnownFileType = sourcecode.swift; path = ExpressionNodeProtocol.swift; sourceTree = "<group>"; };
		AC9106B91A9788C7001C6B32 /* ConstantExpressionNode.swift */ = {isa = PBXFileReference; fileEncoding = 4; lastKnownFileType = sourcecode.swift; path = ConstantExpressionNode.swift; sourceTree = "<group>"; };
		AC9106BB1A978E85001C6B32 /* VariableExpressionNode.swift */ = {isa = PBXFileReference; fileEncoding = 4; lastKnownFileType = sourcecode.swift; path = VariableExpressionNode.swift; sourceTree = "<group>"; };
		AC9106BF1A9796EF001C6B32 /* SequenceExpressionNode.swift */ = {isa = PBXFileReference; fileEncoding = 4; lastKnownFileType = sourcecode.swift; path = SequenceExpressionNode.swift; sourceTree = "<group>"; };
		AC9106C11A97C11F001C6B32 /* AdditionExpressionNode.swift */ = {isa = PBXFileReference; fileEncoding = 4; lastKnownFileType = sourcecode.swift; path = AdditionExpressionNode.swift; sourceTree = "<group>"; };
		AC9106C31A97C2E5001C6B32 /* MultiplicationExpressionNode.swift */ = {isa = PBXFileReference; fileEncoding = 4; lastKnownFileType = sourcecode.swift; path = MultiplicationExpressionNode.swift; sourceTree = "<group>"; };
		AC9106C51A97C39D001C6B32 /* ExponentiationExpressionNode.swift */ = {isa = PBXFileReference; fileEncoding = 4; lastKnownFileType = sourcecode.swift; path = ExponentiationExpressionNode.swift; sourceTree = "<group>"; };
		AC9106C71A97D144001C6B32 /* FunctionNode.swift */ = {isa = PBXFileReference; fileEncoding = 4; lastKnownFileType = sourcecode.swift; path = FunctionNode.swift; sourceTree = "<group>"; };
		AC9106C91A97D240001C6B32 /* FunctionExpressionNode.swift */ = {isa = PBXFileReference; fileEncoding = 4; lastKnownFileType = sourcecode.swift; path = FunctionExpressionNode.swift; sourceTree = "<group>"; };
		ACBB62C21A9BBF05008B9655 /* ErrorExpressionNode.swift */ = {isa = PBXFileReference; fileEncoding = 4; lastKnownFileType = sourcecode.swift; path = ErrorExpressionNode.swift; sourceTree = "<group>"; };
/* End PBXFileReference section */

/* Begin PBXFrameworksBuildPhase section */
		AC24E7EA1A96941300002250 /* Frameworks */ = {
			isa = PBXFrameworksBuildPhase;
			buildActionMask = 2147483647;
			files = (
			);
			runOnlyForDeploymentPostprocessing = 0;
		};
/* End PBXFrameworksBuildPhase section */

/* Begin PBXGroup section */
		AC24E7E41A96941300002250 = {
			isa = PBXGroup;
			children = (
				AC24E7EF1A96941300002250 /* ParserLL1 */,
				AC24E7EE1A96941300002250 /* Products */,
			);
			sourceTree = "<group>";
		};
		AC24E7EE1A96941300002250 /* Products */ = {
			isa = PBXGroup;
			children = (
				AC24E7ED1A96941300002250 /* ParserLL1 */,
			);
			name = Products;
			sourceTree = "<group>";
		};
		AC24E7EF1A96941300002250 /* ParserLL1 */ = {
			isa = PBXGroup;
			children = (
				AC24E7F01A96941300002250 /* main.swift */,
				AC24E7F71A9731EE00002250 /* Tokenizer.swift */,
				AC24E7F91A97323200002250 /* Token.swift */,
				AC9106B31A9764D1001C6B32 /* Parser.swift */,
				AC9106B51A977530001C6B32 /* ExpressionNode.swift */,
				AC9106B71A978839001C6B32 /* ExpressionNodeProtocol.swift */,
				AC9106B91A9788C7001C6B32 /* ConstantExpressionNode.swift */,
				AC9106BB1A978E85001C6B32 /* VariableExpressionNode.swift */,
				AC9106BF1A9796EF001C6B32 /* SequenceExpressionNode.swift */,
				AC9106C11A97C11F001C6B32 /* AdditionExpressionNode.swift */,
				AC9106C31A97C2E5001C6B32 /* MultiplicationExpressionNode.swift */,
				AC9106C51A97C39D001C6B32 /* ExponentiationExpressionNode.swift */,
				AC9106C71A97D144001C6B32 /* FunctionNode.swift */,
				AC9106C91A97D240001C6B32 /* FunctionExpressionNode.swift */,
				AC74A80F1A9A1DD0003CC5F1 /* ExpressionNodeVisitor.swift */,
				AC74A8111A9A78FE003CC5F1 /* SetVariable.swift */,
				ACBB62C21A9BBF05008B9655 /* ErrorExpressionNode.swift */,
			);
			path = ParserLL1;
			sourceTree = "<group>";
		};
/* End PBXGroup section */

/* Begin PBXNativeTarget section */
		AC24E7EC1A96941300002250 /* ParserLL1 */ = {
			isa = PBXNativeTarget;
			buildConfigurationList = AC24E7F41A96941300002250 /* Build configuration list for PBXNativeTarget "ParserLL1" */;
			buildPhases = (
				AC24E7E91A96941300002250 /* Sources */,
				AC24E7EA1A96941300002250 /* Frameworks */,
				AC24E7EB1A96941300002250 /* CopyFiles */,
			);
			buildRules = (
			);
			dependencies = (
			);
			name = ParserLL1;
			productName = ParserLL1;
			productReference = AC24E7ED1A96941300002250 /* ParserLL1 */;
			productType = "com.apple.product-type.tool";
		};
/* End PBXNativeTarget section */

/* Begin PBXProject section */
		AC24E7E51A96941300002250 /* Project object */ = {
			isa = PBXProject;
			attributes = {
				LastUpgradeCheck = 0610;
				ORGANIZATIONNAME = "Artoym Volobuev";
				TargetAttributes = {
					AC24E7EC1A96941300002250 = {
						CreatedOnToolsVersion = 6.1.1;
					};
				};
			};
			buildConfigurationList = AC24E7E81A96941300002250 /* Build configuration list for PBXProject "ParserLL1" */;
			compatibilityVersion = "Xcode 3.2";
			developmentRegion = English;
			hasScannedForEncodings = 0;
			knownRegions = (
				en,
			);
			mainGroup = AC24E7E41A96941300002250;
			productRefGroup = AC24E7EE1A96941300002250 /* Products */;
			projectDirPath = "";
			projectRoot = "";
			targets = (
				AC24E7EC1A96941300002250 /* ParserLL1 */,
			);
		};
/* End PBXProject section */

/* Begin PBXSourcesBuildPhase section */
		AC24E7E91A96941300002250 /* Sources */ = {
			isa = PBXSourcesBuildPhase;
			buildActionMask = 2147483647;
			files = (
				AC9106C01A9796EF001C6B32 /* SequenceExpressionNode.swift in Sources */,
				AC9106B41A9764D1001C6B32 /* Parser.swift in Sources */,
				AC9106C81A97D144001C6B32 /* FunctionNode.swift in Sources */,
				AC9106B81A978839001C6B32 /* ExpressionNodeProtocol.swift in Sources */,
				AC9106BA1A9788C7001C6B32 /* ConstantExpressionNode.swift in Sources */,
				AC9106CA1A97D240001C6B32 /* FunctionExpressionNode.swift in Sources */,
				AC9106C41A97C2E5001C6B32 /* MultiplicationExpressionNode.swift in Sources */,
				AC9106BC1A978E85001C6B32 /* VariableExpressionNode.swift in Sources */,
				AC9106C21A97C11F001C6B32 /* AdditionExpressionNode.swift in Sources */,
				AC24E7FA1A97323200002250 /* Token.swift in Sources */,
				AC9106C61A97C39D001C6B32 /* ExponentiationExpressionNode.swift in Sources */,
				AC24E7F11A96941300002250 /* main.swift in Sources */,
				AC9106B61A977530001C6B32 /* ExpressionNode.swift in Sources */,
				AC24E7F81A9731EE00002250 /* Tokenizer.swift in Sources */,
				AC74A8121A9A78FE003CC5F1 /* SetVariable.swift in Sources */,
				AC74A8101A9A1DD0003CC5F1 /* ExpressionNodeVisitor.swift in Sources */,
				ACBB62C31A9BBF05008B9655 /* ErrorExpressionNode.swift in Sources */,
			);
			runOnlyForDeploymentPostprocessing = 0;
		};
/* End PBXSourcesBuildPhase section */

/* Begin XCBuildConfiguration section */
		AC24E7F21A96941300002250 /* Debug */ = {
			isa = XCBuildConfiguration;
			buildSettings = {
				ALWAYS_SEARCH_USER_PATHS = NO;
				CLANG_CXX_LANGUAGE_STANDARD = "gnu++0x";
				CLANG_CXX_LIBRARY = "libc++";
				CLANG_ENABLE_MODULES = YES;
				CLANG_ENABLE_OBJC_ARC = YES;
				CLANG_WARN_BOOL_CONVERSION = YES;
				CLANG_WARN_CONSTANT_CONVERSION = YES;
				CLANG_WARN_DIRECT_OBJC_ISA_USAGE = YES_ERROR;
				CLANG_WARN_EMPTY_BODY = YES;
				CLANG_WARN_ENUM_CONVERSION = YES;
				CLANG_WARN_INT_CONVERSION = YES;
				CLANG_WARN_OBJC_ROOT_CLASS = YES_ERROR;
				CLANG_WARN_UNREACHABLE_CODE = YES;
				CLANG_WARN__DUPLICATE_METHOD_MATCH = YES;
				COPY_PHASE_STRIP = NO;
				ENABLE_STRICT_OBJC_MSGSEND = YES;
				GCC_C_LANGUAGE_STANDARD = gnu99;
				GCC_DYNAMIC_NO_PIC = NO;
				GCC_OPTIMIZATION_LEVEL = 0;
				GCC_PREPROCESSOR_DEFINITIONS = (
					"DEBUG=1",
					"$(inherited)",
				);
				GCC_SYMBOLS_PRIVATE_EXTERN = NO;
				GCC_WARN_64_TO_32_BIT_CONVERSION = YES;
				GCC_WARN_ABOUT_RETURN_TYPE = YES_ERROR;
				GCC_WARN_UNDECLARED_SELECTOR = YES;
				GCC_WARN_UNINITIALIZED_AUTOS = YES_AGGRESSIVE;
				GCC_WARN_UNUSED_FUNCTION = YES;
				GCC_WARN_UNUSED_VARIABLE = YES;
				MACOSX_DEPLOYMENT_TARGET = 10.10;
				MTL_ENABLE_DEBUG_INFO = YES;
				ONLY_ACTIVE_ARCH = YES;
				SDKROOT = macosx;
				SWIFT_OPTIMIZATION_LEVEL = "-Onone";
			};
			name = Debug;
		};
		AC24E7F31A96941300002250 /* Release */ = {
			isa = XCBuildConfiguration;
			buildSettings = {
				ALWAYS_SEARCH_USER_PATHS = NO;
				CLANG_CXX_LANGUAGE_STANDARD = "gnu++0x";
				CLANG_CXX_LIBRARY = "libc++";
				CLANG_ENABLE_MODULES = YES;
				CLANG_ENABLE_OBJC_ARC = YES;
				CLANG_WARN_BOOL_CONVERSION = YES;
				CLANG_WARN_CONSTANT_CONVERSION = YES;
				CLANG_WARN_DIRECT_OBJC_ISA_USAGE = YES_ERROR;
				CLANG_WARN_EMPTY_BODY = YES;
				CLANG_WARN_ENUM_CONVERSION = YES;
				CLANG_WARN_INT_CONVERSION = YES;
				CLANG_WARN_OBJC_ROOT_CLASS = YES_ERROR;
				CLANG_WARN_UNREACHABLE_CODE = YES;
				CLANG_WARN__DUPLICATE_METHOD_MATCH = YES;
				COPY_PHASE_STRIP = YES;
				DEBUG_INFORMATION_FORMAT = "dwarf-with-dsym";
				ENABLE_NS_ASSERTIONS = NO;
				ENABLE_STRICT_OBJC_MSGSEND = YES;
				GCC_C_LANGUAGE_STANDARD = gnu99;
				GCC_WARN_64_TO_32_BIT_CONVERSION = YES;
				GCC_WARN_ABOUT_RETURN_TYPE = YES_ERROR;
				GCC_WARN_UNDECLARED_SELECTOR = YES;
				GCC_WARN_UNINITIALIZED_AUTOS = YES_AGGRESSIVE;
				GCC_WARN_UNUSED_FUNCTION = YES;
				GCC_WARN_UNUSED_VARIABLE = YES;
				MACOSX_DEPLOYMENT_TARGET = 10.10;
				MTL_ENABLE_DEBUG_INFO = NO;
				SDKROOT = macosx;
			};
			name = Release;
		};
		AC24E7F51A96941300002250 /* Debug */ = {
			isa = XCBuildConfiguration;
			buildSettings = {
				PRODUCT_NAME = "$(TARGET_NAME)";
			};
			name = Debug;
		};
		AC24E7F61A96941300002250 /* Release */ = {
			isa = XCBuildConfiguration;
			buildSettings = {
				PRODUCT_NAME = "$(TARGET_NAME)";
			};
			name = Release;
		};
/* End XCBuildConfiguration section */

/* Begin XCConfigurationList section */
		AC24E7E81A96941300002250 /* Build configuration list for PBXProject "ParserLL1" */ = {
			isa = XCConfigurationList;
			buildConfigurations = (
				AC24E7F21A96941300002250 /* Debug */,
				AC24E7F31A96941300002250 /* Release */,
			);
			defaultConfigurationIsVisible = 0;
			defaultConfigurationName = Release;
		};
		AC24E7F41A96941300002250 /* Build configuration list for PBXNativeTarget "ParserLL1" */ = {
			isa = XCConfigurationList;
			buildConfigurations = (
				AC24E7F51A96941300002250 /* Debug */,
				AC24E7F61A96941300002250 /* Release */,
			);
			defaultConfigurationIsVisible = 0;
			defaultConfigurationName = Release;
		};
/* End XCConfigurationList section */
	};
	rootObject = AC24E7E51A96941300002250 /* Project object */;
}
